
Microsoft Visual Studio Solution File, Format Version 12.00
# Visual Studio Version 17
VisualStudioVersion = 17.8.34511.84
MinimumVisualStudioVersion = 10.0.40219.1
Project("{9A19103F-16F7-4668-BE54-9A1E7A4F7556}") = "ReenbitTraineeCampTestTask", "ReenbitTraineeCampTestTask\ReenbitTraineeCampTestTask.csproj", "{3870545C-095E-4ACF-AA7E-075DD7DA0600}"
EndProject
Global
	GlobalSection(SolutionConfigurationPlatforms) = preSolution
		Debug|Any CPU = Debug|Any CPU
		Release|Any CPU = Release|Any CPU
	EndGlobalSection
	GlobalSection(ProjectConfigurationPlatforms) = postSolution
		{3870545C-095E-4ACF-AA7E-075DD7DA0600}.Debug|Any CPU.ActiveCfg = Debug|Any CPU
		{3870545C-095E-4ACF-AA7E-075DD7DA0600}.Debug|Any CPU.Build.0 = Debug|Any CPU
		{3870545C-095E-4ACF-AA7E-075DD7DA0600}.Release|Any CPU.ActiveCfg = Release|Any CPU
		{3870545C-095E-4ACF-AA7E-075DD7DA0600}.Release|Any CPU.Build.0 = Release|Any CPU
	EndGlobalSection
	GlobalSection(SolutionProperties) = preSolution
		HideSolutionNode = FALSE
	EndGlobalSection
	GlobalSection(ExtensibilityGlobals) = postSolution
		SolutionGuid = {F59224AD-D36A-4A79-9271-9CA556FC1D76}
	EndGlobalSection
EndGlobal
